
Microsoft Visual Studio Solution File, Format Version 12.00
# Visual Studio Version 18
VisualStudioVersion = 18.3.11505.172 d18.3
MinimumVisualStudioVersion = 10.0.40219.1
Project("{FAE04EC0-301F-11D3-BF4B-00C04F79EFBC}") = "CryptoMail", "CryptoMail.csproj", "{1C425CE4-5B36-9FAE-37A6-816033E9F902}"
EndProject
Global
	GlobalSection(SolutionConfigurationPlatforms) = preSolution
		Debug|Any CPU = Debug|Any CPU
		Release|Any CPU = Release|Any CPU
	EndGlobalSection
	GlobalSection(ProjectConfigurationPlatforms) = postSolution
		{1C425CE4-5B36-9FAE-37A6-816033E9F902}.Debug|Any CPU.ActiveCfg = Debug|Any CPU
		{1C425CE4-5B36-9FAE-37A6-816033E9F902}.Debug|Any CPU.Build.0 = Debug|Any CPU
		{1C425CE4-5B36-9FAE-37A6-816033E9F902}.Release|Any CPU.ActiveCfg = Release|Any CPU
		{1C425CE4-5B36-9FAE-37A6-816033E9F902}.Release|Any CPU.Build.0 = Release|Any CPU
	EndGlobalSection
	GlobalSection(SolutionProperties) = preSolution
		HideSolutionNode = FALSE
	EndGlobalSection
	GlobalSection(ExtensibilityGlobals) = postSolution
		SolutionGuid = {260E7D9F-9636-424D-B931-59DEAC374080}
	EndGlobalSection
EndGlobal
